[[package]]
name = "antlr4-python3-runtime"
version = "4.9.3"
description = "ANTLR 4.9.3 runtime for Python 3.7"
category = "main"
optional = false
python-versions = "*"

[[package]]
name = "atomicwrites"
version = "1.4.0"
description = "Atomic file writes."
category = "dev"
optional = false
python-versions = ">=2.7, !=3.0.*, !=3.1.*, !=3.2.*, !=3.3.*"

[[package]]
name = "attrs"
version = "21.4.0"
description = "Classes Without Boilerplate"
category = "dev"
optional = false
python-versions = ">=2.7, !=3.0.*, !=3.1.*, !=3.2.*, !=3.3.*, !=3.4.*"

[package.extras]
dev = ["coverage[toml] (>=5.0.2)", "hypothesis", "pympler", "pytest (>=4.3.0)", "six", "mypy", "pytest-mypy-plugins", "zope.interface", "furo", "sphinx", "sphinx-notfound-page", "pre-commit", "cloudpickle"]
docs = ["furo", "sphinx", "zope.interface", "sphinx-notfound-page"]
tests = ["coverage[toml] (>=5.0.2)", "hypothesis", "pympler", "pytest (>=4.3.0)", "six", "mypy", "pytest-mypy-plugins", "zope.interface", "cloudpickle"]
tests_no_zope = ["coverage[toml] (>=5.0.2)", "hypothesis", "pympler", "pytest (>=4.3.0)", "six", "mypy", "pytest-mypy-plugins", "cloudpickle"]

[[package]]
name = "colorama"
version = "0.4.4"
description = "Cross-platform colored terminal text."
category = "dev"
optional = false
python-versions = ">=2.7, !=3.0.*, !=3.1.*, !=3.2.*, !=3.3.*, !=3.4.*"

[[package]]
name = "importlib-metadata"
version = "4.10.0"
description = "Read metadata from Python packages"
category = "dev"
optional = false
python-versions = ">=3.7"

[package.dependencies]
typing-extensions = {version = ">=3.6.4", markers = "python_version < \"3.8\""}
zipp = ">=0.5"

[package.extras]
docs = ["sphinx", "jaraco.packaging (>=8.2)", "rst.linker (>=1.9)"]
perf = ["ipython"]
testing = ["pytest (>=6)", "pytest-checkdocs (>=2.4)", "pytest-flake8", "pytest-cov", "pytest-enabler (>=1.0.1)", "packaging", "pyfakefs", "flufl.flake8", "pytest-perf (>=0.9.2)", "pytest-black (>=0.3.7)", "pytest-mypy", "importlib-resources (>=1.3)"]

[[package]]
name = "iniconfig"
version = "1.1.1"
description = "iniconfig: brain-dead simple config-ini parsing"
category = "dev"
optional = false
python-versions = "*"

[[package]]
name = "networkx"
version = "2.6.3"
description = "Python package for creating and manipulating graphs and networks"
category = "main"
optional = false
python-versions = ">=3.7"

[package.extras]
default = ["numpy (>=1.19)", "scipy (>=1.5,!=1.6.1)", "matplotlib (>=3.3)", "pandas (>=1.1)"]
developer = ["black (==21.5b1)", "pre-commit (>=2.12)"]
doc = ["sphinx (>=4.0,<5.0)", "pydata-sphinx-theme (>=0.6,<1.0)", "sphinx-gallery (>=0.9,<1.0)", "numpydoc (>=1.1)", "pillow (>=8.2)", "nb2plots (>=0.6)", "texext (>=0.6.6)"]
extra = ["lxml (>=4.5)", "pygraphviz (>=1.7)", "pydot (>=1.4.1)"]
test = ["pytest (>=6.2)", "pytest-cov (>=2.12)", "codecov (>=2.1)"]

[[package]]
name = "numpy"
version = "1.21.5"
description = "NumPy is the fundamental package for array computing with Python."
category = "main"
optional = false
python-versions = ">=3.7,<3.11"

[[package]]
name = "packaging"
version = "21.3"
description = "Core utilities for Python packages"
category = "dev"
optional = false
python-versions = ">=3.6"

[package.dependencies]
pyparsing = ">=2.0.2,<3.0.5 || >3.0.5"

[[package]]
name = "pillow"
version = "9.0.0"
description = "Python Imaging Library (Fork)"
category = "main"
optional = false
python-versions = ">=3.7"

[[package]]
name = "pluggy"
version = "1.0.0"
description = "plugin and hook calling mechanisms for python"
category = "dev"
optional = false
python-versions = ">=3.6"

[package.dependencies]
importlib-metadata = {version = ">=0.12", markers = "python_version < \"3.8\""}

[package.extras]
dev = ["pre-commit", "tox"]
testing = ["pytest", "pytest-benchmark"]

[[package]]
name = "py"
version = "1.11.0"
description = "library with cross-python path, ini-parsing, io, code, log facilities"
category = "dev"
optional = false
python-versions = ">=2.7, !=3.0.*, !=3.1.*, !=3.2.*, !=3.3.*, !=3.4.*"

[[package]]
name = "pydot"
version = "1.4.2"
description = "Python interface to Graphviz's Dot"
category = "main"
optional = false
python-versions = ">=2.7, !=3.0.*, !=3.1.*, !=3.2.*, !=3.3.*"

[package.dependencies]
pyparsing = ">=2.1.4"

[[package]]
name = "pyparsing"
version = "3.0.6"
description = "Python parsing module"
category = "main"
optional = false
python-versions = ">=3.6"

[package.extras]
diagrams = ["jinja2", "railroad-diagrams"]

[[package]]
name = "pytest"
version = "6.2.5"
description = "pytest: simple powerful testing with Python"
category = "dev"
optional = false
python-versions = ">=3.6"

[package.dependencies]
atomicwrites = {version = ">=1.0", markers = "sys_platform == \"win32\""}
attrs = ">=19.2.0"
colorama = {version = "*", markers = "sys_platform == \"win32\""}
importlib-metadata = {version = ">=0.12", markers = "python_version < \"3.8\""}
iniconfig = "*"
packaging = "*"
pluggy = ">=0.12,<2.0"
py = ">=1.8.2"
toml = "*"

[package.extras]
testing = ["argcomplete", "hypothesis (>=3.56)", "mock", "nose", "requests", "xmlschema"]

[[package]]
name = "rdkit-pypi"
version = "2021.9.4"
description = "A collection of chemoinformatics and machine-learning software written in C++ and Python"
category = "main"
optional = false
python-versions = "*"

[package.dependencies]
numpy = ">=1.19"
Pillow = "*"

[[package]]
name = "toml"
version = "0.10.2"
description = "Python Library for Tom's Obvious, Minimal Language"
category = "dev"
optional = false
python-versions = ">=2.6, !=3.0.*, !=3.1.*, !=3.2.*"

[[package]]
name = "typing-extensions"
version = "4.0.1"
description = "Backported and Experimental Type Hints for Python 3.6+"
category = "dev"
optional = false
python-versions = ">=3.6"

[[package]]
name = "zipp"
version = "3.7.0"
description = "Backport of pathlib-compatible object wrapper for zip files"
category = "dev"
optional = false
python-versions = ">=3.7"

[package.extras]
docs = ["sphinx", "jaraco.packaging (>=8.2)", "rst.linker (>=1.9)"]
testing = ["pytest (>=6)", "pytest-checkdocs (>=2.4)", "pytest-flake8", "pytest-cov", "pytest-enabler (>=1.0.1)", "jaraco.itertools", "func-timeout", "pytest-black (>=0.3.7)", "pytest-mypy"]

[metadata]
lock-version = "1.1"
python-versions = ">=3.7,<3.11"
content-hash = "5ebe09770ec13c0bf90a4f07ca99e7f81b1c6e42f144ac97199da3089a1add34"

[metadata.files]
antlr4-python3-runtime = [
    {file = "antlr4-python3-runtime-4.9.3.tar.gz", hash = "sha256:f224469b4168294902bb1efa80a8bf7855f24c99aef99cbefc1bcd3cce77881b"},
]
atomicwrites = [
    {file = "atomicwrites-1.4.0-py2.py3-none-any.whl", hash = "sha256:6d1784dea7c0c8d4a5172b6c620f40b6e4cbfdf96d783691f2e1302a7b88e197"},
    {file = "atomicwrites-1.4.0.tar.gz", hash = "sha256:ae70396ad1a434f9c7046fd2dd196fc04b12f9e91ffb859164193be8b6168a7a"},
]
attrs = [
    {file = "attrs-21.4.0-py2.py3-none-any.whl", hash = "sha256:2d27e3784d7a565d36ab851fe94887c5eccd6a463168875832a1be79c82828b4"},
    {file = "attrs-21.4.0.tar.gz", hash = "sha256:626ba8234211db98e869df76230a137c4c40a12d72445c45d5f5b716f076e2fd"},
]
colorama = [
    {file = "colorama-0.4.4-py2.py3-none-any.whl", hash = "sha256:9f47eda37229f68eee03b24b9748937c7dc3868f906e8ba69fbcbdd3bc5dc3e2"},
    {file = "colorama-0.4.4.tar.gz", hash = "sha256:5941b2b48a20143d2267e95b1c2a7603ce057ee39fd88e7329b0c292aa16869b"},
]
importlib-metadata = [
    {file = "importlib_metadata-4.10.0-py3-none-any.whl", hash = "sha256:b7cf7d3fef75f1e4c80a96ca660efbd51473d7e8f39b5ab9210febc7809012a4"},
    {file = "importlib_metadata-4.10.0.tar.gz", hash = "sha256:92a8b58ce734b2a4494878e0ecf7d79ccd7a128b5fc6014c401e0b61f006f0f6"},
]
iniconfig = [
    {file = "iniconfig-1.1.1-py2.py3-none-any.whl", hash = "sha256:011e24c64b7f47f6ebd835bb12a743f2fbe9a26d4cecaa7f53bc4f35ee9da8b3"},
    {file = "iniconfig-1.1.1.tar.gz", hash = "sha256:bc3af051d7d14b2ee5ef9969666def0cd1a000e121eaea580d4a313df4b37f32"},
]
networkx = [
    {file = "networkx-2.6.3-py3-none-any.whl", hash = "sha256:80b6b89c77d1dfb64a4c7854981b60aeea6360ac02c6d4e4913319e0a313abef"},
    {file = "networkx-2.6.3.tar.gz", hash = "sha256:c0946ed31d71f1b732b5aaa6da5a0388a345019af232ce2f49c766e2d6795c51"},
]
numpy = [
    {file = "numpy-1.21.5-cp310-cp310-macosx_10_9_universal2.whl", hash = "sha256:301e408a052fdcda5cdcf03021ebafc3c6ea093021bf9d1aa47c54d48bdad166"},
    {file = "numpy-1.21.5-cp310-cp310-macosx_10_9_x86_64.whl", hash = "sha256:a7e8f6216f180f3fd4efb73de5d1eaefb5f5a1ee5b645c67333033e39440e63a"},
    {file = "numpy-1.21.5-cp310-cp310-macosx_11_0_arm64.whl", hash = "sha256:fc7a7d7b0ed72589fd8b8486b9b42a564f10b8762be8bd4d9df94b807af4a089"},
    {file = "numpy-1.21.5-cp310-cp310-manylinux_2_17_aarch64.manylinux2014_aarch64.whl", hash = "sha256:58ca1d7c8aef6e996112d0ce873ac9dfa1eaf4a1196b4ff7ff73880a09923ba7"},
    {file = "numpy-1.21.5-cp310-cp310-manylinux_2_17_x86_64.manylinux2014_x86_64.whl", hash = "sha256:dc4b2fb01f1b4ddbe2453468ea0719f4dbb1f5caa712c8b21bb3dd1480cd30d9"},
    {file = "numpy-1.21.5-cp310-cp310-win_amd64.whl", hash = "sha256:cc1b30205d138d1005adb52087ff45708febbef0e420386f58664f984ef56954"},
    {file = "numpy-1.21.5-cp37-cp37m-macosx_10_9_x86_64.whl", hash = "sha256:08de8472d9f7571f9d51b27b75e827f5296295fa78817032e84464be8bb905bc"},
    {file = "numpy-1.21.5-cp37-cp37m-manylinux_2_12_i686.manylinux2010_i686.whl", hash = "sha256:4fe6a006557b87b352c04596a6e3f12a57d6e5f401d804947bd3188e6b0e0e76"},
    {file = "numpy-1.21.5-cp37-cp37m-manylinux_2_12_x86_64.manylinux2010_x86_64.whl", hash = "sha256:3d893b0871322eaa2f8c7072cdb552d8e2b27645b7875a70833c31e9274d4611"},
    {file = "numpy-1.21.5-cp37-cp37m-manylinux_2_17_aarch64.manylinux2014_aarch64.whl", hash = "sha256:341dddcfe3b7b6427a28a27baa59af5ad51baa59bfec3264f1ab287aa3b30b13"},
    {file = "numpy-1.21.5-cp37-cp37m-win32.whl", hash = "sha256:ca9c23848292c6fe0a19d212790e62f398fd9609aaa838859be8459bfbe558aa"},
    {file = "numpy-1.21.5-cp37-cp37m-win_amd64.whl", hash = "sha256:025b497014bc33fc23897859350f284323f32a2fff7654697f5a5fc2a19e9939"},
    {file = "numpy-1.21.5-cp38-cp38-macosx_10_9_universal2.whl", hash = "sha256:3a5098df115340fb17fc93867317a947e1dcd978c3888c5ddb118366095851f8"},
    {file = "numpy-1.21.5-cp38-cp38-macosx_10_9_x86_64.whl", hash = "sha256:311283acf880cfcc20369201bd75da907909afc4666966c7895cbed6f9d2c640"},
    {file = "numpy-1.21.5-cp38-cp38-macosx_11_0_arm64.whl", hash = "sha256:b545ebadaa2b878c8630e5bcdb97fc4096e779f335fc0f943547c1c91540c815"},
    {file = "numpy-1.21.5-cp38-cp38-manylinux_2_12_i686.manylinux2010_i686.whl", hash = "sha256:c5562bcc1a9b61960fc8950ade44d00e3de28f891af0acc96307c73613d18f6e"},
    {file = "numpy-1.21.5-cp38-cp38-manylinux_2_12_x86_64.manylinux2010_x86_64.whl", hash = "sha256:eed2afaa97ec33b4411995be12f8bdb95c87984eaa28d76cf628970c8a2d689a"},
    {file = "numpy-1.21.5-cp38-cp38-manylinux_2_17_aarch64.manylinux2014_aarch64.whl", hash = "sha256:61bada43d494515d5b122f4532af226fdb5ee08fe5b5918b111279843dc6836a"},
    {file = "numpy-1.21.5-cp38-cp38-win32.whl", hash = "sha256:7b9d6b14fc9a4864b08d1ba57d732b248f0e482c7b2ff55c313137e3ed4d8449"},
    {file = "numpy-1.21.5-cp38-cp38-win_amd64.whl", hash = "sha256:dbce7adeb66b895c6aaa1fad796aaefc299ced597f6fbd9ceddb0dd735245354"},
    {file = "numpy-1.21.5-cp39-cp39-macosx_10_9_universal2.whl", hash = "sha256:507c05c7a37b3683eb08a3ff993bd1ee1e6c752f77c2f275260533b265ecdb6c"},
    {file = "numpy-1.21.5-cp39-cp39-macosx_10_9_x86_64.whl", hash = "sha256:00c9fa73a6989895b8815d98300a20ac993c49ac36c8277e8ffeaa3631c0dbbb"},
    {file = "numpy-1.21.5-cp39-cp39-macosx_11_0_arm64.whl", hash = "sha256:69a5a8d71c308d7ef33ef72371c2388a90e3495dbb7993430e674006f94797d5"},
    {file = "numpy-1.21.5-cp39-cp39-manylinux_2_12_i686.manylinux2010_i686.whl", hash = "sha256:2d8adfca843bc46ac199a4645233f13abf2011a0b2f4affc5c37cd552626f27b"},
    {file = "numpy-1.21.5-cp39-cp39-manylinux_2_12_x86_64.manylinux2010_x86_64.whl", hash = "sha256:c293d3c0321996cd8ffe84215ffe5d269fd9d1d12c6f4ffe2b597a7c30d3e593"},
    {file = "numpy-1.21.5-cp39-cp39-manylinux_2_17_aarch64.manylinux2014_aarch64.whl", hash = "sha256:3c978544be9e04ed12016dd295a74283773149b48f507d69b36f91aa90a643e5"},
    {file = "numpy-1.21.5-cp39-cp39-win32.whl", hash = "sha256:2a9add27d7fc0fdb572abc3b2486eb3b1395da71e0254c5552b2aad2a18b5441"},
    {file = "numpy-1.21.5-cp39-cp39-win_amd64.whl", hash = "sha256:1964db2d4a00348b7a60ee9d013c8cb0c566644a589eaa80995126eac3b99ced"},
    {file = "numpy-1.21.5-pp37-pypy37_pp73-manylinux_2_12_x86_64.manylinux2010_x86_64.whl", hash = "sha256:a7c4b701ca418cd39e28ec3b496e6388fe06de83f5f0cb74794fa31cfa384c02"},
    {file = "numpy-1.21.5.zip", hash = "sha256:6a5928bc6241264dce5ed509e66f33676fc97f464e7a919edc672fb5532221ee"},
]
packaging = [
    {file = "packaging-21.3-py3-none-any.whl", hash = "sha256:ef103e05f519cdc783ae24ea4e2e0f508a9c99b2d4969652eed6a2e1ea5bd522"},
    {file = "packaging-21.3.tar.gz", hash = "sha256:dd47c42927d89ab911e606518907cc2d3a1f38bbd026385970643f9c5b8ecfeb"},
]
pillow = [
    {file = "Pillow-9.0.0-cp310-cp310-macosx_10_10_universal2.whl", hash = "sha256:113723312215b25c22df1fdf0e2da7a3b9c357a7d24a93ebbe80bfda4f37a8d4"},
    {file = "Pillow-9.0.0-cp310-cp310-macosx_11_0_arm64.whl", hash = "sha256:bb47a548cea95b86494a26c89d153fd31122ed65255db5dcbc421a2d28eb3379"},
    {file = "Pillow-9.0.0-cp310-cp310-manylinux_2_17_aarch64.manylinux2014_aarch64.whl", hash = "sha256:31b265496e603985fad54d52d11970383e317d11e18e856971bdbb86af7242a4"},
    {file = "Pillow-9.0.0-cp310-cp310-manylinux_2_17_i686.manylinux2014_i686.whl", hash = "sha256:d154ed971a4cc04b93a6d5b47f37948d1f621f25de3e8fa0c26b2d44f24e3e8f"},
    {file = "Pillow-9.0.0-cp310-cp310-manylinux_2_17_x86_64.manylinux2014_x86_64.whl", hash = "sha256:80fe92813d208ce8aa7d76da878bdc84b90809f79ccbad2a288e9bcbeac1d9bd"},
    {file = "Pillow-9.0.0-cp310-cp310-win32.whl", hash = "sha256:d5dcea1387331c905405b09cdbfb34611050cc52c865d71f2362f354faee1e9f"},
    {file = "Pillow-9.0.0-cp310-cp310-win_amd64.whl", hash = "sha256:52abae4c96b5da630a8b4247de5428f593465291e5b239f3f843a911a3cf0105"},
    {file = "Pillow-9.0.0-cp37-cp37m-macosx_10_10_x86_64.whl", hash = "sha256:72c3110228944019e5f27232296c5923398496b28be42535e3b2dc7297b6e8b6"},
    {file = "Pillow-9.0.0-cp37-cp37m-manylinux_2_17_aarch64.manylinux2014_aarch64.whl", hash = "sha256:97b6d21771da41497b81652d44191489296555b761684f82b7b544c49989110f"},
    {file = "Pillow-9.0.0-cp37-cp37m-manylinux_2_17_i686.manylinux2014_i686.whl", hash = "sha256:72f649d93d4cc4d8cf79c91ebc25137c358718ad75f99e99e043325ea7d56100"},
    {file = "Pillow-9.0.0-cp37-cp37m-manylinux_2_17_x86_64.manylinux2014_x86_64.whl", hash = "sha256:7aaf07085c756f6cb1c692ee0d5a86c531703b6e8c9cae581b31b562c16b98ce"},
    {file = "Pillow-9.0.0-cp37-cp37m-win32.whl", hash = "sha256:03b27b197deb4ee400ed57d8d4e572d2d8d80f825b6634daf6e2c18c3c6ccfa6"},
    {file = "Pillow-9.0.0-cp37-cp37m-win_amd64.whl", hash = "sha256:a09a9d4ec2b7887f7a088bbaacfd5c07160e746e3d47ec5e8050ae3b2a229e9f"},
    {file = "Pillow-9.0.0-cp38-cp38-macosx_10_10_x86_64.whl", hash = "sha256:490e52e99224858f154975db61c060686df8a6b3f0212a678e5d2e2ce24675c9"},
    {file = "Pillow-9.0.0-cp38-cp38-macosx_11_0_arm64.whl", hash = "sha256:500d397ddf4bbf2ca42e198399ac13e7841956c72645513e8ddf243b31ad2128"},
    {file = "Pillow-9.0.0-cp38-cp38-manylinux_2_17_aarch64.manylinux2014_aarch64.whl", hash = "sha256:0ebd8b9137630a7bbbff8c4b31e774ff05bbb90f7911d93ea2c9371e41039b52"},
    {file = "Pillow-9.0.0-cp38-cp38-manylinux_2_17_i686.manylinux2014_i686.whl", hash = "sha256:fd0e5062f11cb3e730450a7d9f323f4051b532781026395c4323b8ad055523c4"},
    {file = "Pillow-9.0.0-cp38-cp38-manylinux_2_17_x86_64.manylinux2014_x86_64.whl", hash = "sha256:9f3b4522148586d35e78313db4db0df4b759ddd7649ef70002b6c3767d0fdeb7"},
    {file = "Pillow-9.0.0-cp38-cp38-win32.whl", hash = "sha256:0b281fcadbb688607ea6ece7649c5d59d4bbd574e90db6cd030e9e85bde9fecc"},
    {file = "Pillow-9.0.0-cp38-cp38-win_amd64.whl", hash = "sha256:b5050d681bcf5c9f2570b93bee5d3ec8ae4cf23158812f91ed57f7126df91762"},
    {file = "Pillow-9.0.0-cp39-cp39-macosx_10_10_x86_64.whl", hash = "sha256:c2067b3bb0781f14059b112c9da5a91c80a600a97915b4f48b37f197895dd925"},
    {file = "Pillow-9.0.0-cp39-cp39-macosx_11_0_arm64.whl", hash = "sha256:2d16b6196fb7a54aff6b5e3ecd00f7c0bab1b56eee39214b2b223a9d938c50af"},
    {file = "Pillow-9.0.0-cp39-cp39-manylinux_2_17_aarch64.manylinux2014_aarch64.whl", hash = "sha256:98cb63ca63cb61f594511c06218ab4394bf80388b3d66cd61d0b1f63ee0ea69f"},
    {file = "Pillow-9.0.0-cp39-cp39-manylinux_2_17_i686.manylinux2014_i686.whl", hash = "sha256:bc462d24500ba707e9cbdef436c16e5c8cbf29908278af053008d9f689f56dee"},
    {file = "Pillow-9.0.0-cp39-cp39-manylinux_2_17_x86_64.manylinux2014_x86_64.whl", hash = "sha256:3586e12d874ce2f1bc875a3ffba98732ebb12e18fb6d97be482bd62b56803281"},
    {file = "Pillow-9.0.0-cp39-cp39-win32.whl", hash = "sha256:68e06f8b2248f6dc8b899c3e7ecf02c9f413aab622f4d6190df53a78b93d97a5"},
    {file = "Pillow-9.0.0-cp39-cp39-win_amd64.whl", hash = "sha256:6579f9ba84a3d4f1807c4aab4be06f373017fc65fff43498885ac50a9b47a553"},
    {file = "Pillow-9.0.0-pp37-pypy37_pp73-macosx_10_10_x86_64.whl", hash = "sha256:47f5cf60bcb9fbc46011f75c9b45a8b5ad077ca352a78185bd3e7f1d294b98bb"},
    {file = "Pillow-9.0.0-pp37-pypy37_pp73-manylinux_2_17_i686.manylinux2014_i686.whl", hash = "sha256:2fd8053e1f8ff1844419842fd474fc359676b2e2a2b66b11cc59f4fa0a301315"},
    {file = "Pillow-9.0.0-pp37-pypy37_pp73-manylinux_2_17_x86_64.manylinux2014_x86_64.whl", hash = "sha256:6c5439bfb35a89cac50e81c751317faea647b9a3ec11c039900cd6915831064d"},
    {file = "Pillow-9.0.0-pp38-pypy38_pp73-win_amd64.whl", hash = "sha256:95545137fc56ce8c10de646074d242001a112a92de169986abd8c88c27566a05"},
    {file = "Pillow-9.0.0.tar.gz", hash = "sha256:ee6e2963e92762923956fe5d3479b1fdc3b76c83f290aad131a2f98c3df0593e"},
]
pluggy = [
    {file = "pluggy-1.0.0-py2.py3-none-any.whl", hash = "sha256:74134bbf457f031a36d68416e1509f34bd5ccc019f0bcc952c7b909d06b37bd3"},
    {file = "pluggy-1.0.0.tar.gz", hash = "sha256:4224373bacce55f955a878bf9cfa763c1e360858e330072059e10bad68531159"},
]
py = [
    {file = "py-1.11.0-py2.py3-none-any.whl", hash = "sha256:607c53218732647dff4acdfcd50cb62615cedf612e72d1724fb1a0cc6405b378"},
    {file = "py-1.11.0.tar.gz", hash = "sha256:51c75c4126074b472f746a24399ad32f6053d1b34b68d2fa41e558e6f4a98719"},
]
pydot = [
    {file = "pydot-1.4.2-py2.py3-none-any.whl", hash = "sha256:66c98190c65b8d2e2382a441b4c0edfdb4f4c025ef9cb9874de478fb0793a451"},
    {file = "pydot-1.4.2.tar.gz", hash = "sha256:248081a39bcb56784deb018977e428605c1c758f10897a339fce1dd728ff007d"},
]
pyparsing = [
    {file = "pyparsing-3.0.6-py3-none-any.whl", hash = "sha256:04ff808a5b90911829c55c4e26f75fa5ca8a2f5f36aa3a51f68e27033341d3e4"},
    {file = "pyparsing-3.0.6.tar.gz", hash = "sha256:d9bdec0013ef1eb5a84ab39a3b3868911598afa494f5faa038647101504e2b81"},
]
pytest = [
    {file = "pytest-6.2.5-py3-none-any.whl", hash = "sha256:7310f8d27bc79ced999e760ca304d69f6ba6c6649c0b60fb0e04a4a77cacc134"},
    {file = "pytest-6.2.5.tar.gz", hash = "sha256:131b36680866a76e6781d13f101efb86cf674ebb9762eb70d3082b6f29889e89"},
]
rdkit-pypi = [
    {file = "rdkit_pypi-2021.9.4-cp310-cp310-macosx_10_9_x86_64.whl", hash = "sha256:5c1b3f1be22edd50702933b56f995ff5376b20baab489b87546588c1de6946bd"},
    {file = "rdkit_pypi-2021.9.4-cp310-cp310-manylinux_2_17_x86_64.manylinux2014_x86_64.whl", hash = "sha256:beaeebe9121a4585e7d8cc9676b79c094b5bef5aab660dbc2f7f48dc242c4e61"},
    {file = "rdkit_pypi-2021.9.4-cp36-cp36m-macosx_10_9_x86_64.whl", hash = "sha256:0057224248130666e41ba981d814b7f838a491d44ec09f71d3fe4dd9290c38ff"},
    {file = "rdkit_pypi-2021.9.4-cp36-cp36m-manylinux_2_17_x86_64.manylinux2014_x86_64.whl", hash = "sha256:d05a631bac917e8758e0cc35ab977f6c8446b9f215d90894cb2450cd3fb280e1"},
    {file = "rdkit_pypi-2021.9.4-cp36-cp36m-win_amd64.whl", hash = "sha256:612b24ff47c55003fb41de858e60aa7276275b81cdc16c7f5943981ffde55916"},
    {file = "rdkit_pypi-2021.9.4-cp37-cp37m-macosx_10_9_x86_64.whl", hash = "sha256:708ba5242c9e260e79383513e77a721695b665c014a71ddac97b99cea0665035"},
    {file = "rdkit_pypi-2021.9.4-cp37-cp37m-manylinux_2_17_x86_64.manylinux2014_x86_64.whl", hash = "sha256:d52d349a2bf7d943ae9d6143675c253179c666535453d2a2ceb1ed7c2ed84ca2"},
    {file = "rdkit_pypi-2021.9.4-cp37-cp37m-win_amd64.whl", hash = "sha256:77ed1c0f99bce51430352091d62ea185367952f6fb1db283a7ce27e2fd816ce7"},
    {file = "rdkit_pypi-2021.9.4-cp38-cp38-macosx_10_9_x86_64.whl", hash = "sha256:4755dd55c7c108862be03eb9b05bc178589595740cc74f56c32a5293c2597c61"},
    {file = "rdkit_pypi-2021.9.4-cp38-cp38-manylinux_2_17_x86_64.manylinux2014_x86_64.whl", hash = "sha256:4c4b5e0420d29e0477086022b2fddd36bba8b1130e90dcd6460190d7b1db4c33"},
    {file = "rdkit_pypi-2021.9.4-cp38-cp38-win_amd64.whl", hash = "sha256:78978c1e3d77ae589dd87e23db3ab5432bf3270123e94bcea9c6b8bf83930aa3"},
    {file = "rdkit_pypi-2021.9.4-cp39-cp39-macosx_10_9_x86_64.whl", hash = "sha256:170b155c0a4cc0c0d65573f03a8706b65d8628a56eb93fd3158c10d6fbdd07a3"},
    {file = "rdkit_pypi-2021.9.4-cp39-cp39-manylinux_2_17_x86_64.manylinux2014_x86_64.whl", hash = "sha256:4dea8c7a53f66658cfdffb9ae674b39a5bd364c5b8cfa86b691f649370dc33ee"},
    {file = "rdkit_pypi-2021.9.4-cp39-cp39-win_amd64.whl", hash = "sha256:40a467123ebd3077fca5d4c51332ded123b741a66c3cd4616e799c222e5810bf"},
]
toml = [
    {file = "toml-0.10.2-py2.py3-none-any.whl", hash = "sha256:806143ae5bfb6a3c6e736a764057db0e6a0e05e338b5630894a5f779cabb4f9b"},
    {file = "toml-0.10.2.tar.gz", hash = "sha256:b3bda1d108d5dd99f4a20d24d9c348e91c4db7ab1b749200bded2f839ccbe68f"},
]
typing-extensions = [
    {file = "typing_extensions-4.0.1-py3-none-any.whl", hash = "sha256:7f001e5ac290a0c0401508864c7ec868be4e701886d5b573a9528ed3973d9d3b"},
    {file = "typing_extensions-4.0.1.tar.gz", hash = "sha256:4ca091dea149f945ec56afb48dae714f21e8692ef22a395223bcd328961b6a0e"},
]
zipp = [
    {file = "zipp-3.7.0-py3-none-any.whl", hash = "sha256:b47250dd24f92b7dd6a0a8fc5244da14608f3ca90a5efcd37a3b1642fac9a375"},
    {file = "zipp-3.7.0.tar.gz", hash = "sha256:9f50f446828eb9d45b267433fd3e9da8d801f614129124863f9c51ebceafb87d"},
]
